
Microsoft Visual Studio Solution File, Format Version 12.00
# Visual Studio Version 17
VisualStudioVersion = 17.10.35013.160
MinimumVisualStudioVersion = 10.0.40219.1
Project("{8BC9CEB8-8B4A-11D0-8D11-00A0C91BC942}") = "Ambiente de Teste de Programas", "Ambiente de Teste de Programas\Ambiente de Teste de Programas.vcxproj", "{8BDD0D3C-E146-4206-96A5-1B3E8368B235}"
EndProject
Project("{2150E333-8FDC-42A3-9474-1A3956D46DE8}") = "Exercicios basicos com expressoes condicionais e repeticoes", "Exercicios basicos com expressoes condicionais e repeticoes", "{77F619C9-7DB2-457D-8ABA-6516DE0B0696}"
	ProjectSection(SolutionItems) = preProject
		Ambiente de Teste de Programas\Ex1.c = Ambiente de Teste de Programas\Ex1.c
		Ambiente de Teste de Programas\Ex10.c = Ambiente de Teste de Programas\Ex10.c
		Ambiente de Teste de Programas\Ex11.c = Ambiente de Teste de Programas\Ex11.c
		Ambiente de Teste de Programas\Ex2.c = Ambiente de Teste de Programas\Ex2.c
		Ambiente de Teste de Programas\Ex3.c = Ambiente de Teste de Programas\Ex3.c
		Ambiente de Teste de Programas\Ex4.c = Ambiente de Teste de Programas\Ex4.c
		Ambiente de Teste de Programas\Ex5.c = Ambiente de Teste de Programas\Ex5.c
		Ambiente de Teste de Programas\Ex6.c = Ambiente de Teste de Programas\Ex6.c
		Ambiente de Teste de Programas\Ex7.c = Ambiente de Teste de Programas\Ex7.c
		Ambiente de Teste de Programas\Ex8.c = Ambiente de Teste de Programas\Ex8.c
		Ambiente de Teste de Programas\Ex9.c = Ambiente de Teste de Programas\Ex9.c
	EndProjectSection
EndProject
Project("{2150E333-8FDC-42A3-9474-1A3956D46DE8}") = "Funções", "Funções", "{1CD36FB4-1B1E-4904-AEA5-68F8C1D063BC}"
	ProjectSection(SolutionItems) = preProject
		Ambiente de Teste de Programas\Funcoes.c = Ambiente de Teste de Programas\Funcoes.c
		Ambiente de Teste de Programas\functions.c = Ambiente de Teste de Programas\functions.c
		Ambiente de Teste de Programas\functions.h = Ambiente de Teste de Programas\functions.h
	EndProjectSection
EndProject
Project("{2150E333-8FDC-42A3-9474-1A3956D46DE8}") = "Exercícios básicos de ponteiros, vetores e alocação dinâmica", "Exercícios básicos de ponteiros, vetores e alocação dinâmica", "{CB4A506B-AE8C-4E08-88C7-5FAC40FD7059}"
	ProjectSection(SolutionItems) = preProject
		Ambiente de Teste de Programas\ponteiros_vetores_alocacao.c = Ambiente de Teste de Programas\ponteiros_vetores_alocacao.c
	EndProjectSection
EndProject
Global
	GlobalSection(SolutionConfigurationPlatforms) = preSolution
		Debug|x64 = Debug|x64
		Debug|x86 = Debug|x86
		Release|x64 = Release|x64
		Release|x86 = Release|x86
	EndGlobalSection
	GlobalSection(ProjectConfigurationPlatforms) = postSolution
		{8BDD0D3C-E146-4206-96A5-1B3E8368B235}.Debug|x64.ActiveCfg = Debug|x64
		{8BDD0D3C-E146-4206-96A5-1B3E8368B235}.Debug|x64.Build.0 = Debug|x64
		{8BDD0D3C-E146-4206-96A5-1B3E8368B235}.Debug|x86.ActiveCfg = Debug|Win32
		{8BDD0D3C-E146-4206-96A5-1B3E8368B235}.Debug|x86.Build.0 = Debug|Win32
		{8BDD0D3C-E146-4206-96A5-1B3E8368B235}.Release|x64.ActiveCfg = Release|x64
		{8BDD0D3C-E146-4206-96A5-1B3E8368B235}.Release|x64.Build.0 = Release|x64
		{8BDD0D3C-E146-4206-96A5-1B3E8368B235}.Release|x86.ActiveCfg = Release|Win32
		{8BDD0D3C-E146-4206-96A5-1B3E8368B235}.Release|x86.Build.0 = Release|Win32
	EndGlobalSection
	GlobalSection(SolutionProperties) = preSolution
		HideSolutionNode = FALSE
	EndGlobalSection
	GlobalSection(ExtensibilityGlobals) = postSolution
		SolutionGuid = {A95A90BC-6B7D-4127-BF0C-738B3D052C5D}
	EndGlobalSection
EndGlobal
