
Microsoft Visual Studio Solution File, Format Version 12.00
# Visual Studio Version 17
VisualStudioVersion = 17.10.35013.160
MinimumVisualStudioVersion = 10.0.40219.1
Project("{8BC9CEB8-8B4A-11D0-8D11-00A0C91BC942}") = "Ambiente de Teste de Programas", "Ambiente de Teste de Programas\Ambiente de Teste de Programas.vcxproj", "{8BDD0D3C-E146-4206-96A5-1B3E8368B235}"
EndProject
Project("{2150E333-8FDC-42A3-9474-1A3956D46DE8}") = "Exercicios basicos com expressoes condicionais e repeticoes", "Exercicios basicos com expressoes condicionais e repeticoes", "{77F619C9-7DB2-457D-8ABA-6516DE0B0696}"
	ProjectSection(SolutionItems) = preProject
		Ambiente de Teste de Programas\Ex1.c = Ambiente de Teste de Programas\Ex1.c
		Ambiente de Teste de Programas\Ex10.c = Ambiente de Teste de Programas\Ex10.c
		Ambiente de Teste de Programas\Ex11.c = Ambiente de Teste de Programas\Ex11.c
		Ambiente de Teste de Programas\Ex2.c = Ambiente de Teste de Programas\Ex2.c
		Ambiente de Teste de Programas\Ex3.c = Ambiente de Teste de Programas\Ex3.c
		Ambiente de Teste de Programas\Ex4.c = Ambiente de Teste de Programas\Ex4.c
		Ambiente de Teste de Programas\Ex5.c = Ambiente de Teste de Programas\Ex5.c
		Ambiente de Teste de Programas\Ex6.c = Ambiente de Teste de Programas\Ex6.c
		Ambiente de Teste de Programas\Ex7.c = Ambiente de Teste de Programas\Ex7.c
		Ambiente de Teste de Programas\Ex8.c = Ambiente de Teste de Programas\Ex8.c
		Ambiente de Teste de Programas\Ex9.c = Ambiente de Teste de Programas\Ex9.c
	EndProjectSection
EndProject
Project("{2150E333-8FDC-42A3-9474-1A3956D46DE8}") = "Funções", "Funções", "{1CD36FB4-1B1E-4904-AEA5-68F8C1D063BC}"
	ProjectSection(SolutionItems) = preProject
		Ambiente de Teste de Programas\Funcoes.c = Ambiente de Teste de Programas\Funcoes.c
		Ambiente de Teste de Programas\functions.c = Ambiente de Teste de Programas\functions.c
		Ambiente de Teste de Programas\functions.h = Ambiente de Teste de Programas\functions.h
	EndProjectSection
EndProject
Project("{2150E333-8FDC-42A3-9474-1A3956D46DE8}") = "Exercícios básicos de ponteiros, vetores e alocação dinâmica", "Exercícios básicos de ponteiros, vetores e alocação dinâmica", "{CB4A506B-AE8C-4E08-88C7-5FAC40FD7059}"
	ProjectSection(SolutionItems) = preProject
		Ambiente de Teste de Programas\ponteiros_vetores_alocacao.c = Ambiente de Teste de Programas\ponteiros_vetores_alocacao.c
	EndProjectSection
EndProject
Project("{2150E333-8FDC-42A3-9474-1A3956D46DE8}") = "Exercícios básicos de cadeias de caracteres e recursão", "Exercícios básicos de cadeias de caracteres e recursão", "{6E5CE224-BF67-48F3-AF32-978FED2BA190}"
	ProjectSection(SolutionItems) = preProject
		Ambiente de Teste de Programas\strings.c = Ambiente de Teste de Programas\strings.c
	EndProjectSection
EndProject
Project("{2150E333-8FDC-42A3-9474-1A3956D46DE8}") = "Exercícios básicos de arquivos", "Exercícios básicos de arquivos", "{D64A8DE5-B20E-4A69-AB89-E29F8755668B}"
	ProjectSection(SolutionItems) = preProject
		Ambiente de Teste de Programas\arquivos.c = Ambiente de Teste de Programas\arquivos.c
		Ambiente de Teste de Programas\entrada.txt = Ambiente de Teste de Programas\entrada.txt
	EndProjectSection
EndProject
Project("{2150E333-8FDC-42A3-9474-1A3956D46DE8}") = "Teoria", "Teoria", "{E86A348E-1646-4AEA-9715-965E0338DC91}"
	ProjectSection(SolutionItems) = preProject
		Ambiente de Teste de Programas\lst_encadeada_slideAntigos.c = Ambiente de Teste de Programas\lst_encadeada_slideAntigos.c
		Ambiente de Teste de Programas\recursao_teoria.c = Ambiente de Teste de Programas\recursao_teoria.c
		Ambiente de Teste de Programas\strings_teoria01.c = Ambiente de Teste de Programas\strings_teoria01.c
		Ambiente de Teste de Programas\strings_teoria02.c = Ambiente de Teste de Programas\strings_teoria02.c
		Ambiente de Teste de Programas\structs_teoria01.c = Ambiente de Teste de Programas\structs_teoria01.c
		Ambiente de Teste de Programas\vetores_teoria01.c = Ambiente de Teste de Programas\vetores_teoria01.c
	EndProjectSection
EndProject
Project("{2150E333-8FDC-42A3-9474-1A3956D46DE8}") = "Exercícios básicos de tipos estruturados", "Exercícios básicos de tipos estruturados", "{B3D4D011-2446-4116-A9D9-4703A63F9CE1}"
	ProjectSection(SolutionItems) = preProject
		Ambiente de Teste de Programas\exercicio03_structs.c = Ambiente de Teste de Programas\exercicio03_structs.c
		Ambiente de Teste de Programas\exercicio04_structs.c = Ambiente de Teste de Programas\exercicio04_structs.c
		Ambiente de Teste de Programas\exercicio05_structs.c = Ambiente de Teste de Programas\exercicio05_structs.c
		Ambiente de Teste de Programas\exercicio06_structs.c = Ambiente de Teste de Programas\exercicio06_structs.c
	EndProjectSection
EndProject
Project("{2150E333-8FDC-42A3-9474-1A3956D46DE8}") = "Exercícios básicos de arquivo binário", "Exercícios básicos de arquivo binário", "{E219AE0D-154F-4612-BAB1-CBC2D43CEEF1}"
	ProjectSection(SolutionItems) = preProject
		Ambiente de Teste de Programas\exercicio00_arqBin.c = Ambiente de Teste de Programas\exercicio00_arqBin.c
		Ambiente de Teste de Programas\teste_arquivo.txt = Ambiente de Teste de Programas\teste_arquivo.txt
		Ambiente de Teste de Programas\teste_arquivo_binario.c = Ambiente de Teste de Programas\teste_arquivo_binario.c
	EndProjectSection
EndProject
Project("{2150E333-8FDC-42A3-9474-1A3956D46DE8}") = "Exercícios básicos de lista encadeada", "Exercícios básicos de lista encadeada", "{897F9DD3-6DE0-4036-B8B4-47AF484FFB13}"
	ProjectSection(SolutionItems) = preProject
		Ambiente de Teste de Programas\exercicio01_lst.c = Ambiente de Teste de Programas\exercicio01_lst.c
		Ambiente de Teste de Programas\exercicio02_lst.c = Ambiente de Teste de Programas\exercicio02_lst.c
		Ambiente de Teste de Programas\exercicio04_lst.c = Ambiente de Teste de Programas\exercicio04_lst.c
		Ambiente de Teste de Programas\exercicio05_lst.c = Ambiente de Teste de Programas\exercicio05_lst.c
		Ambiente de Teste de Programas\exercicio06_lst.c = Ambiente de Teste de Programas\exercicio06_lst.c
		Ambiente de Teste de Programas\exercicio07_lst.c = Ambiente de Teste de Programas\exercicio07_lst.c
		Ambiente de Teste de Programas\exercicio08_lst.c = Ambiente de Teste de Programas\exercicio08_lst.c
	EndProjectSection
EndProject
Project("{2150E333-8FDC-42A3-9474-1A3956D46DE8}") = "Exercícios de revisão G2", "Exercícios de revisão G2", "{B18905AA-960A-4A1C-844A-4BC61CB1A835}"
	ProjectSection(SolutionItems) = preProject
		Ambiente de Teste de Programas\entrada_exercicio04_G2.txt = Ambiente de Teste de Programas\entrada_exercicio04_G2.txt
		Ambiente de Teste de Programas\exercicio01_revisaoG2.c = Ambiente de Teste de Programas\exercicio01_revisaoG2.c
		Ambiente de Teste de Programas\exercicio02_revisaoG2.c = Ambiente de Teste de Programas\exercicio02_revisaoG2.c
		Ambiente de Teste de Programas\exercicio03_revisaoG2.c = Ambiente de Teste de Programas\exercicio03_revisaoG2.c
		Ambiente de Teste de Programas\exercicio04_revisaoG2.c = Ambiente de Teste de Programas\exercicio04_revisaoG2.c
	EndProjectSection
EndProject
Global
	GlobalSection(SolutionConfigurationPlatforms) = preSolution
		Debug|x64 = Debug|x64
		Debug|x86 = Debug|x86
		Release|x64 = Release|x64
		Release|x86 = Release|x86
	EndGlobalSection
	GlobalSection(ProjectConfigurationPlatforms) = postSolution
		{8BDD0D3C-E146-4206-96A5-1B3E8368B235}.Debug|x64.ActiveCfg = Debug|x64
		{8BDD0D3C-E146-4206-96A5-1B3E8368B235}.Debug|x64.Build.0 = Debug|x64
		{8BDD0D3C-E146-4206-96A5-1B3E8368B235}.Debug|x86.ActiveCfg = Debug|Win32
		{8BDD0D3C-E146-4206-96A5-1B3E8368B235}.Debug|x86.Build.0 = Debug|Win32
		{8BDD0D3C-E146-4206-96A5-1B3E8368B235}.Release|x64.ActiveCfg = Release|x64
		{8BDD0D3C-E146-4206-96A5-1B3E8368B235}.Release|x64.Build.0 = Release|x64
		{8BDD0D3C-E146-4206-96A5-1B3E8368B235}.Release|x86.ActiveCfg = Release|Win32
		{8BDD0D3C-E146-4206-96A5-1B3E8368B235}.Release|x86.Build.0 = Release|Win32
	EndGlobalSection
	GlobalSection(SolutionProperties) = preSolution
		HideSolutionNode = FALSE
	EndGlobalSection
	GlobalSection(ExtensibilityGlobals) = postSolution
		SolutionGuid = {A95A90BC-6B7D-4127-BF0C-738B3D052C5D}
	EndGlobalSection
EndGlobal
